
Microsoft Visual Studio Solution File, Format Version 12.00
# Visual Studio Version 16
VisualStudioVersion = 16.0.30204.135
MinimumVisualStudioVersion = 10.0.40219.1
Project("{FAE04EC0-301F-11D3-BF4B-00C04F79EFBC}") = "MyWindowsService", "MyWindowsService\MyWindowsService.csproj", "{384136E0-A7E9-49EC-9997-59FCA87B5273}"
EndProject
Project("{FAE04EC0-301F-11D3-BF4B-00C04F79EFBC}") = "WindowsServiceClient", "WindowsServiceClient\WindowsServiceClient.csproj", "{D351140A-0AA1-44C9-B216-FECD6D290490}"
EndProject
Global
	GlobalSection(SolutionConfigurationPlatforms) = preSolution
		Debug|Any CPU = Debug|Any CPU
		Release|Any CPU = Release|Any CPU
	EndGlobalSection
	GlobalSection(ProjectConfigurationPlatforms) = postSolution
		{384136E0-A7E9-49EC-9997-59FCA87B5273}.Debug|Any CPU.ActiveCfg = Debug|Any CPU
		{384136E0-A7E9-49EC-9997-59FCA87B5273}.Debug|Any CPU.Build.0 = Debug|Any CPU
		{384136E0-A7E9-49EC-9997-59FCA87B5273}.Release|Any CPU.ActiveCfg = Release|Any CPU
		{384136E0-A7E9-49EC-9997-59FCA87B5273}.Release|Any CPU.Build.0 = Release|Any CPU
		{D351140A-0AA1-44C9-B216-FECD6D290490}.Debug|Any CPU.ActiveCfg = Debug|Any CPU
		{D351140A-0AA1-44C9-B216-FECD6D290490}.Debug|Any CPU.Build.0 = Debug|Any CPU
		{D351140A-0AA1-44C9-B216-FECD6D290490}.Release|Any CPU.ActiveCfg = Release|Any CPU
		{D351140A-0AA1-44C9-B216-FECD6D290490}.Release|Any CPU.Build.0 = Release|Any CPU
	EndGlobalSection
	GlobalSection(SolutionProperties) = preSolution
		HideSolutionNode = FALSE
	EndGlobalSection
	GlobalSection(ExtensibilityGlobals) = postSolution
		SolutionGuid = {97D89C2D-9E02-4EFB-B719-3C8047F632D6}
	EndGlobalSection
EndGlobal
